
Microsoft Visual Studio Solution File, Format Version 12.00
# Visual Studio Version 16
VisualStudioVersion = 16.0.33328.57
MinimumVisualStudioVersion = 10.0.40219.1
Project("{FAE04EC0-301F-11D3-BF4B-00C04F79EFBC}") = "blog_web_2", "blog_web_2\blog_web_2.csproj", "{6D3B90FE-125F-4A81-BFEB-9D50955F65DB}"
EndProject
Global
	GlobalSection(SolutionConfigurationPlatforms) = preSolution
		Debug|Any CPU = Debug|Any CPU
		Release|Any CPU = Release|Any CPU
	EndGlobalSection
	GlobalSection(ProjectConfigurationPlatforms) = postSolution
		{6D3B90FE-125F-4A81-BFEB-9D50955F65DB}.Debug|Any CPU.ActiveCfg = Debug|Any CPU
		{6D3B90FE-125F-4A81-BFEB-9D50955F65DB}.Debug|Any CPU.Build.0 = Debug|Any CPU
		{6D3B90FE-125F-4A81-BFEB-9D50955F65DB}.Release|Any CPU.ActiveCfg = Release|Any CPU
		{6D3B90FE-125F-4A81-BFEB-9D50955F65DB}.Release|Any CPU.Build.0 = Release|Any CPU
	EndGlobalSection
	GlobalSection(SolutionProperties) = preSolution
		HideSolutionNode = FALSE
	EndGlobalSection
	GlobalSection(ExtensibilityGlobals) = postSolution
		SolutionGuid = {27EA3EEB-1C16-430F-B6D6-3FADD72404E0}
	EndGlobalSection
EndGlobal
